
Microsoft Visual Studio Solution File, Format Version 11.00
# Visual Studio 2010
Project("{FAE04EC0-301F-11D3-BF4B-00C04F79EFBC}") = "Assembly-CSharp", "Assembly-CSharp.csproj", "{efcbc7ec-fb94-e7a2-8712-47183c393cae}"
EndProject
Global
	GlobalSection(SolutionConfigurationPlatforms) = preSolution
		Debug|Any CPU = Debug|Any CPU
		Release|Any CPU = Release|Any CPU
	EndGlobalSection
	GlobalSection(ProjectConfigurationPlatforms) = postSolution
		{efcbc7ec-fb94-e7a2-8712-47183c393cae}.Debug|Any CPU.ActiveCfg = Debug|Any CPU
		{efcbc7ec-fb94-e7a2-8712-47183c393cae}.Debug|Any CPU.Build.0 = Debug|Any CPU
		{efcbc7ec-fb94-e7a2-8712-47183c393cae}.Release|Any CPU.ActiveCfg = Release|Any CPU
		{efcbc7ec-fb94-e7a2-8712-47183c393cae}.Release|Any CPU.Build.0 = Release|Any CPU
	EndGlobalSection
	GlobalSection(SolutionProperties) = preSolution
		HideSolutionNode = FALSE
	EndGlobalSection
EndGlobal
